<?xml version="1.0" encoding="utf-8"?>
<Project ToolsVersion="4.0" xmlns="http://schemas.microsoft.com/developer/msbuild/2003">
  <ItemGroup>
    <ClCompile Include="..\src\nyx\common_stats.cpp" />
    <ClCompile Include="..\src\nyx\dirs_and_files.cpp" />
    <ClCompile Include="..\src\nyx\environment.cpp" />
    <ClCompile Include="..\src\nyx\feature_method.cpp" />
    <ClCompile Include="..\src\nyx\feature_mgr.cpp" />
    <ClCompile Include="..\src\nyx\feature_mgr_init.cpp" />
    <ClCompile Include="..\src\nyx\features_calc_workflow.cpp" />
    <ClCompile Include="..\src\nyx\featureset.cpp" />
    <ClCompile Include="..\src\nyx\globals.cpp" />
    <ClCompile Include="..\src\nyx\image_loader.cpp" />
    <ClCompile Include="..\src\nyx\image_loader1x.cpp" />
    <ClCompile Include="..\src\nyx\output_2_buffer.cpp" />
    <ClCompile Include="..\src\nyx\output_2_csv.cpp" />
    <ClCompile Include="..\src\nyx\parallel.cpp" />
    <ClCompile Include="..\src\nyx\phase1.cpp" />
    <ClCompile Include="..\src\nyx\phase2.cpp" />
    <ClCompile Include="..\src\nyx\phase3.cpp" />
    <ClCompile Include="..\src\nyx\reduce_by_feature.cpp" />
    <ClCompile Include="..\src\nyx\reduce_trivial_rois.cpp" />
    <ClCompile Include="..\src\nyx\roi_cache.cpp" />
    <ClCompile Include="..\src\nyx\scan_fastloader_way.cpp" />
    <ClCompile Include="..\src\nyx\features\basic_morphology.cpp">
      <Filter>-- features --</Filter>
    </ClCompile>
    <ClCompile Include="..\src\nyx\features\caliper_feret.cpp">
      <Filter>-- features --</Filter>
    </ClCompile>
    <ClCompile Include="..\src\nyx\features\caliper_martin.cpp">
      <Filter>-- features --</Filter>
    </ClCompile>
    <ClCompile Include="..\src\nyx\features\caliper_nassenstein.cpp">
      <Filter>-- features --</Filter>
    </ClCompile>
    <ClCompile Include="..\src\nyx\features\chords.cpp">
      <Filter>-- features --</Filter>
    </ClCompile>
    <ClCompile Include="..\src\nyx\features\chords_nontriv.cpp">
      <Filter>-- features --</Filter>
    </ClCompile>
    <ClCompile Include="..\src\nyx\features\circle.cpp">
      <Filter>-- features --</Filter>
    </ClCompile>
    <ClCompile Include="..\src\nyx\features\contour.cpp">
      <Filter>-- features --</Filter>
    </ClCompile>
    <ClCompile Include="..\src\nyx\features\convex_hull_nontriv.cpp">
      <Filter>-- features --</Filter>
    </ClCompile>
    <ClCompile Include="..\src\nyx\features\ellipse_fitting.cpp">
      <Filter>-- features --</Filter>
    </ClCompile>
    <ClCompile Include="..\src\nyx\features\erosion_pixels.cpp">
      <Filter>-- features --</Filter>
    </ClCompile>
    <ClCompile Include="..\src\nyx\features\euler_number.cpp">
      <Filter>-- features --</Filter>
    </ClCompile>
    <ClCompile Include="..\src\nyx\features\extrema.cpp">
      <Filter>-- features --</Filter>
    </ClCompile>
    <ClCompile Include="..\src\nyx\features\fractal_dim.cpp">
      <Filter>-- features --</Filter>
    </ClCompile>
    <ClCompile Include="..\src\nyx\features\gabor.cpp">
      <Filter>-- features --</Filter>
    </ClCompile>
    <ClCompile Include="..\src\nyx\features\gabor_nontriv.cpp">
      <Filter>-- features --</Filter>
    </ClCompile>
    <ClCompile Include="..\src\nyx\features\geo_len_thickness.cpp">
      <Filter>-- features --</Filter>
    </ClCompile>
    <ClCompile Include="..\src\nyx\features\glcm.cpp">
      <Filter>-- features --</Filter>
    </ClCompile>
    <ClCompile Include="..\src\nyx\features\glcm_nontriv.cpp">
      <Filter>-- features --</Filter>
    </ClCompile>
    <ClCompile Include="..\src\nyx\features\gldm.cpp">
      <Filter>-- features --</Filter>
    </ClCompile>
    <ClCompile Include="..\src\nyx\features\glrlm.cpp">
      <Filter>-- features --</Filter>
    </ClCompile>
    <ClCompile Include="..\src\nyx\features\glszm.cpp">
      <Filter>-- features --</Filter>
    </ClCompile>
    <ClCompile Include="..\src\nyx\features\hexagonality_polygonality.cpp">
      <Filter>-- features --</Filter>
    </ClCompile>
    <ClCompile Include="..\src\nyx\features\image_matrix.cpp">
      <Filter>-- features --</Filter>
    </ClCompile>
    <ClCompile Include="..\src\nyx\features\image_matrix_nontriv.cpp">
      <Filter>-- features --</Filter>
    </ClCompile>
    <ClCompile Include="..\src\nyx\features\image_moments.cpp">
      <Filter>-- features --</Filter>
    </ClCompile>
    <ClCompile Include="..\src\nyx\features\image_moments_nontriv.cpp">
      <Filter>-- features --</Filter>
    </ClCompile>
    <ClCompile Include="..\src\nyx\features\intensity.cpp">
      <Filter>-- features --</Filter>
    </ClCompile>
    <ClCompile Include="..\src\nyx\features\neighbors.cpp">
      <Filter>-- features --</Filter>
    </ClCompile>
    <ClCompile Include="..\src\nyx\features\ngtdm.cpp">
      <Filter>-- features --</Filter>
    </ClCompile>
    <ClCompile Include="..\src\nyx\features\radial_distribution.cpp">
      <Filter>-- features --</Filter>
    </ClCompile>
    <ClCompile Include="..\src\nyx\features\roi_label.cpp">
      <Filter>-- features --</Filter>
    </ClCompile>
    <ClCompile Include="..\src\nyx\features\roi_radius.cpp">
      <Filter>-- features --</Filter>
    </ClCompile>
    <ClCompile Include="..\src\nyx\features\rotation.cpp">
      <Filter>-- features --</Filter>
    </ClCompile>
    <ClCompile Include="..\src\nyx\features\specfunc.cpp">
      <Filter>-- features --</Filter>
    </ClCompile>
    <ClCompile Include="..\src\nyx\features\zernike.cpp">
      <Filter>-- features --</Filter>
    </ClCompile>
    <ClCompile Include="..\src\nyx\features\zernike_nontriv.cpp">
      <Filter>-- features --</Filter>
    </ClCompile>
    <ClCompile Include="..\src\nyx\helpers\timing.cpp">
      <Filter>-- helpers --</Filter>
    </ClCompile>
    <ClCompile Include="..\src\nyx\environment_basic.cpp" />
    <ClCompile Include="..\src\nyx\roi_cache_basic.cpp" />
    <ClCompile Include="..\src\nyx\main_nyxus.cpp" />
    <ClCompile Include="..\src\nyx\pixel_feed.cpp" />
    <ClCompile Include="..\nyxus-004\lib\pugixml\pugixml..cpp">
      <Filter>-- pugixml --</Filter>
    </ClCompile>
    <ClCompile Include="..\src\nyx\python\bindings_py.cpp">
      <Filter>-- python --</Filter>
    </ClCompile>
    <ClCompile Include="..\src\nyx\python\nested_roi_py.cpp">
      <Filter>-- python --</Filter>
    </ClCompile>
    <ClCompile Include="..\src\nyx\python\new_bindings_py.cpp">
      <Filter>-- python --</Filter>
    </ClCompile>
    <ClCompile Include="..\src\nyx\features\pixel.cpp">
      <Filter>-- features --</Filter>
    </ClCompile>
  </ItemGroup>
  <ItemGroup>
    <ClInclude Include="..\src\nyx\environment.h" />
    <ClInclude Include="..\src\nyx\feature_method.h" />
    <ClInclude Include="..\src\nyx\feature_mgr.h" />
    <ClInclude Include="..\src\nyx\featureset.h" />
    <ClInclude Include="..\src\nyx\globals.h" />
    <ClInclude Include="..\src\nyx\grayscale_tiff.h" />
    <ClInclude Include="..\src\nyx\image_loader.h" />
    <ClInclude Include="..\src\nyx\image_loader1x.h" />
    <ClInclude Include="..\src\nyx\parallel.h" />
    <ClInclude Include="..\src\nyx\roi_cache.h" />
    <ClInclude Include="..\src\nyx\version.h" />
    <ClInclude Include="..\src\nyx\features\aabb.h">
      <Filter>-- features --</Filter>
    </ClInclude>
    <ClInclude Include="..\src\nyx\features\basic_morphology.h">
      <Filter>-- features --</Filter>
    </ClInclude>
    <ClInclude Include="..\src\nyx\features\caliper.h">
      <Filter>-- features --</Filter>
    </ClInclude>
    <ClInclude Include="..\src\nyx\features\chords.h">
      <Filter>-- features --</Filter>
    </ClInclude>
    <ClInclude Include="..\src\nyx\features\circle.h">
      <Filter>-- features --</Filter>
    </ClInclude>
    <ClInclude Include="..\src\nyx\features\contour.h">
      <Filter>-- features --</Filter>
    </ClInclude>
    <ClInclude Include="..\src\nyx\features\convex_hull.h">
      <Filter>-- features --</Filter>
    </ClInclude>
    <ClInclude Include="..\src\nyx\features\ellipse_fitting.h">
      <Filter>-- features --</Filter>
    </ClInclude>
    <ClInclude Include="..\src\nyx\features\erosion.h">
      <Filter>-- features --</Filter>
    </ClInclude>
    <ClInclude Include="..\src\nyx\features\euler_number.h">
      <Filter>-- features --</Filter>
    </ClInclude>
    <ClInclude Include="..\src\nyx\features\extrema.h">
      <Filter>-- features --</Filter>
    </ClInclude>
    <ClInclude Include="..\src\nyx\features\fractal_dim.h">
      <Filter>-- features --</Filter>
    </ClInclude>
    <ClInclude Include="..\src\nyx\features\gabor.h">
      <Filter>-- features --</Filter>
    </ClInclude>
    <ClInclude Include="..\src\nyx\features\geodetic_len_thickness.h">
      <Filter>-- features --</Filter>
    </ClInclude>
    <ClInclude Include="..\src\nyx\features\glcm.h">
      <Filter>-- features --</Filter>
    </ClInclude>
    <ClInclude Include="..\src\nyx\features\gldm.h">
      <Filter>-- features --</Filter>
    </ClInclude>
    <ClInclude Include="..\src\nyx\features\glrlm.h">
      <Filter>-- features --</Filter>
    </ClInclude>
    <ClInclude Include="..\src\nyx\features\glszm.h">
      <Filter>-- features --</Filter>
    </ClInclude>
    <ClInclude Include="..\src\nyx\features\hexagonality_polygonality.h">
      <Filter>-- features --</Filter>
    </ClInclude>
    <ClInclude Include="..\src\nyx\features\histogram.h">
      <Filter>-- features --</Filter>
    </ClInclude>
    <ClInclude Include="..\src\nyx\features\image_matrix.h">
      <Filter>-- features --</Filter>
    </ClInclude>
    <ClInclude Include="..\src\nyx\features\image_matrix_nontriv.h">
      <Filter>-- features --</Filter>
    </ClInclude>
    <ClInclude Include="..\src\nyx\features\image_moments.h">
      <Filter>-- features --</Filter>
    </ClInclude>
    <ClInclude Include="..\src\nyx\features\intensity.h">
      <Filter>-- features --</Filter>
    </ClInclude>
    <ClInclude Include="..\src\nyx\features\moments.h">
      <Filter>-- features --</Filter>
    </ClInclude>
    <ClInclude Include="..\src\nyx\features\neighbors.h">
      <Filter>-- features --</Filter>
    </ClInclude>
    <ClInclude Include="..\src\nyx\features\ngtdm.h">
      <Filter>-- features --</Filter>
    </ClInclude>
    <ClInclude Include="..\src\nyx\features\pixel.h">
      <Filter>-- features --</Filter>
    </ClInclude>
    <ClInclude Include="..\src\nyx\features\radial_distribution.h">
      <Filter>-- features --</Filter>
    </ClInclude>
    <ClInclude Include="..\src\nyx\features\roi_radius.h">
      <Filter>-- features --</Filter>
    </ClInclude>
    <ClInclude Include="..\src\nyx\features\rotation.h">
      <Filter>-- features --</Filter>
    </ClInclude>
    <ClInclude Include="..\src\nyx\features\specfunc.h">
      <Filter>-- features --</Filter>
    </ClInclude>
    <ClInclude Include="..\src\nyx\features\zernike.h">
      <Filter>-- features --</Filter>
    </ClInclude>
    <ClInclude Include="..\src\nyx\helpers\helpers.h">
      <Filter>-- helpers --</Filter>
    </ClInclude>
    <ClInclude Include="..\src\nyx\helpers\system_resource.h">
      <Filter>-- helpers --</Filter>
    </ClInclude>
    <ClInclude Include="..\src\nyx\helpers\timing.h">
      <Filter>-- helpers --</Filter>
    </ClInclude>
    <ClInclude Include="..\src\nyx\gpu\gpu.h">
      <Filter>-- gpu --</Filter>
    </ClInclude>
    <ClInclude Include="..\src\nyx\gpu\helper_cuda.h">
      <Filter>-- gpu --</Filter>
    </ClInclude>
    <ClInclude Include="..\src\nyx\gpu\helper_string.h">
      <Filter>-- gpu --</Filter>
    </ClInclude>
    <ClInclude Include="..\src\nyx\omezarr.h" />
    <ClInclude Include="..\nyxus-004\lib\pugixml\pugiconfig.hpp">
      <Filter>-- pugixml --</Filter>
    </ClInclude>
    <ClInclude Include="..\nyxus-004\lib\pugixml\pugixml.hpp">
      <Filter>-- pugixml --</Filter>
    </ClInclude>
    <ClInclude Include="..\nyxus-diagnostics\simpleMatrix-diagnostics.h">
      <Filter>-- diagnostics --</Filter>
    </ClInclude>
  </ItemGroup>
  <ItemGroup>
    <Filter Include="-- features --">
      <UniqueIdentifier>{a770652f-d7a8-4505-88f5-0fd779700335}</UniqueIdentifier>
    </Filter>
    <Filter Include="-- gpu --">
      <UniqueIdentifier>{93a1ce14-60dd-4a18-a0ab-1807dde871f9}</UniqueIdentifier>
    </Filter>
    <Filter Include="-- helpers --">
      <UniqueIdentifier>{0f2bd2a2-941e-4498-8bff-fb1f20791a02}</UniqueIdentifier>
    </Filter>
    <Filter Include="-- pugixml --">
      <UniqueIdentifier>{b40d43c3-7c8c-42f4-9bb7-9f8b5b6c599d}</UniqueIdentifier>
    </Filter>
    <Filter Include="-- python --">
      <UniqueIdentifier>{7bc402d1-aed5-4c2b-ad97-357faa9ded49}</UniqueIdentifier>
    </Filter>
    <Filter Include="-- diagnostics --">
      <UniqueIdentifier>{0e8bee5c-9d7f-4f14-a5dc-dc0e03d92ef4}</UniqueIdentifier>
    </Filter>
  </ItemGroup>
  <ItemGroup>
    <CudaCompile Include="..\src\nyx\gpu\gpu_helpers.cu">
      <Filter>-- gpu --</Filter>
    </CudaCompile>
    <CudaCompile Include="..\src\nyx\gpu\image_moments.cu">
      <Filter>-- gpu --</Filter>
    </CudaCompile>
    <CudaCompile Include="..\src\nyx\gpu\gabor.cu">
      <Filter>-- gpu --</Filter>
    </CudaCompile>
  </ItemGroup>
  <ItemGroup>
    <None Include="..\src\nyx\python\nyxus\__init__.py">
      <Filter>-- python --</Filter>
    </None>
    <None Include="..\src\nyx\python\nyxus\_version.py">
      <Filter>-- python --</Filter>
    </None>
    <None Include="..\src\nyx\python\nyxus\functions.py">
      <Filter>-- python --</Filter>
    </None>
    <None Include="..\src\nyx\python\nyxus\interface.py">
      <Filter>-- python --</Filter>
    </None>
    <None Include="..\src\nyx\python\nyxus\nyxus.py">
      <Filter>-- python --</Filter>
    </None>
  </ItemGroup>
  <ItemGroup>
    <Text Include="..\visual_studio_nyxus_command_lines.txt" />
  </ItemGroup>
</Project>